dependencies:
- name: postgresql
  repository: https://charts.bitnami.com/bitnami
  version: 18.1.13
- name: kube-prometheus-stack
  repository: https://prometheus-community.github.io/helm-charts
  version: 80.2.0
- name: ingress-nginx
  repository: https://kubernetes.github.io/ingress-nginx
  version: 4.14.1
digest: sha256:d188ef4fb4adf96e538815600f010b558e2523ba2aa4256156fea06d606b1cf4
generated: "2025-12-10T00:30:43.988004316+02:00"
